
Microsoft Visual Studio Solution File, Format Version 12.00
# Visual Studio Version 17
VisualStudioVersion = 17.9.34902.65
MinimumVisualStudioVersion = 10.0.40219.1
Project("{FAE04EC0-301F-11D3-BF4B-00C04F79EFBC}") = "OrmTask_04072024", "OrmTask_04072024.csproj", "{DBFED715-64F9-4E5E-892F-E08223C7A605}"
EndProject
Global
	GlobalSection(SolutionConfigurationPlatforms) = preSolution
		Debug|Any CPU = Debug|Any CPU
		Release|Any CPU = Release|Any CPU
	EndGlobalSection
	GlobalSection(ProjectConfigurationPlatforms) = postSolution
		{DBFED715-64F9-4E5E-892F-E08223C7A605}.Debug|Any CPU.ActiveCfg = Debug|Any CPU
		{DBFED715-64F9-4E5E-892F-E08223C7A605}.Debug|Any CPU.Build.0 = Debug|Any CPU
		{DBFED715-64F9-4E5E-892F-E08223C7A605}.Release|Any CPU.ActiveCfg = Release|Any CPU
		{DBFED715-64F9-4E5E-892F-E08223C7A605}.Release|Any CPU.Build.0 = Release|Any CPU
	EndGlobalSection
	GlobalSection(SolutionProperties) = preSolution
		HideSolutionNode = FALSE
	EndGlobalSection
	GlobalSection(ExtensibilityGlobals) = postSolution
		SolutionGuid = {AC5B7197-D6D5-48E9-BAE5-4E4084DDE5A3}
	EndGlobalSection
EndGlobal
